
Microsoft Visual Studio Solution File, Format Version 12.00
# Visual Studio Version 17
VisualStudioVersion = 17.14.36310.24 d17.14
MinimumVisualStudioVersion = 10.0.40219.1
Project("{FAE04EC0-301F-11D3-BF4B-00C04F79EFBC}") = "LAT_3-Form-Login-Menu-Perhitungan", "LAT_3-Form-Login-Menu-Perhitungan.csproj", "{381BFEDD-BA12-4129-BDA5-0BC561999313}"
EndProject
Global
	GlobalSection(SolutionConfigurationPlatforms) = preSolution
		Debug|Any CPU = Debug|Any CPU
		Release|Any CPU = Release|Any CPU
	EndGlobalSection
	GlobalSection(ProjectConfigurationPlatforms) = postSolution
		{381BFEDD-BA12-4129-BDA5-0BC561999313}.Debug|Any CPU.ActiveCfg = Debug|Any CPU
		{381BFEDD-BA12-4129-BDA5-0BC561999313}.Debug|Any CPU.Build.0 = Debug|Any CPU
		{381BFEDD-BA12-4129-BDA5-0BC561999313}.Release|Any CPU.ActiveCfg = Release|Any CPU
		{381BFEDD-BA12-4129-BDA5-0BC561999313}.Release|Any CPU.Build.0 = Release|Any CPU
	EndGlobalSection
	GlobalSection(SolutionProperties) = preSolution
		HideSolutionNode = FALSE
	EndGlobalSection
	GlobalSection(ExtensibilityGlobals) = postSolution
		SolutionGuid = {EDD0B570-B6AB-47EA-9230-F0DD19ADB89E}
	EndGlobalSection
EndGlobal
